version = 1
revision = 3
requires-python = ">=3.11"

[[package]]
name = "chardet"
version = "5.2.0"
source = { registry = "https://pypi.org/simple" }
sdist = { url = "https://files.pythonhosted.org/packages/f3/0d/f7b6ab21ec75897ed80c17d79b15951a719226b9fababf1e40ea74d69079/chardet-5.2.0.tar.gz", hash = "sha256:1b3b6ff479a8c414bc3fa2c0852995695c4a026dcd6d0633b2dd092ca39c1cf7", size = 2069618, upload-time = "2023-08-01T19:23:02.662Z" }
wheels = [
    { url = "https://files.pythonhosted.org/packages/38/6f/f5fbc992a329ee4e0f288c1fe0e2ad9485ed064cac731ed2fe47dcc38cbf/chardet-5.2.0-py3-none-any.whl", hash = "sha256:e1cf59446890a00105fe7b7912492ea04b6e6f06d4b742b2c788469e34c82970", size = 199385, upload-time = "2023-08-01T19:23:00.661Z" },
]

[[package]]
name = "lz4"
version = "4.4.4"
source = { registry = "https://pypi.org/simple" }
sdist = { url = "https://files.pythonhosted.org/packages/c6/5a/945f5086326d569f14c84ac6f7fcc3229f0b9b1e8cc536b951fd53dfb9e1/lz4-4.4.4.tar.gz", hash = "sha256:070fd0627ec4393011251a094e08ed9fdcc78cb4e7ab28f507638eee4e39abda", size = 171884, upload-time = "2025-04-01T22:55:58.62Z" }
wheels = [
    { url = "https://files.pythonhosted.org/packages/28/e8/63843dc5ecb1529eb38e1761ceed04a0ad52a9ad8929ab8b7930ea2e4976/lz4-4.4.4-cp311-cp311-macosx_10_9_x86_64.whl", hash = "sha256:ddfc7194cd206496c445e9e5b0c47f970ce982c725c87bd22de028884125b68f", size = 220898, upload-time = "2025-04-01T22:55:23.085Z" },
    { url = "https://files.pythonhosted.org/packages/e4/94/c53de5f07c7dc11cf459aab2a1d754f5df5f693bfacbbe1e4914bfd02f1e/lz4-4.4.4-cp311-cp311-macosx_11_0_arm64.whl", hash = "sha256:714f9298c86f8e7278f1c6af23e509044782fa8220eb0260f8f8f1632f820550", size = 189685, upload-time = "2025-04-01T22:55:24.413Z" },
    { url = "https://files.pythonhosted.org/packages/fe/59/c22d516dd0352f2a3415d1f665ccef2f3e74ecec3ca6a8f061a38f97d50d/lz4-4.4.4-cp311-cp311-manylinux_2_17_aarch64.manylinux2014_aarch64.whl", hash = "sha256:a8474c91de47733856c6686df3c4aca33753741da7e757979369c2c0d32918ba", size = 1239225, upload-time = "2025-04-01T22:55:25.737Z" },
    { url = "https://files.pythonhosted.org/packages/81/af/665685072e71f3f0e626221b7922867ec249cd8376aca761078c8f11f5da/lz4-4.4.4-cp311-cp311-manylinux_2_17_x86_64.manylinux2014_x86_64.whl", hash = "sha256:80dd27d7d680ea02c261c226acf1d41de2fd77af4fb2da62b278a9376e380de0", size = 1265881, upload-time = "2025-04-01T22:55:26.817Z" },
    { url = "https://files.pythonhosted.org/packages/90/04/b4557ae381d3aa451388a29755cc410066f5e2f78c847f66f154f4520a68/lz4-4.4.4-cp311-cp311-manylinux_2_5_i686.manylinux1_i686.manylinux_2_17_i686.manylinux2014_i686.whl", hash = "sha256:9b7d6dddfd01b49aedb940fdcaf32f41dc58c926ba35f4e31866aeec2f32f4f4", size = 1185593, upload-time = "2025-04-01T22:55:27.896Z" },
    { url = "https://files.pythonhosted.org/packages/7b/e4/03636979f4e8bf92c557f998ca98ee4e6ef92e92eaf0ed6d3c7f2524e790/lz4-4.4.4-cp311-cp311-win32.whl", hash = "sha256:4134b9fd70ac41954c080b772816bb1afe0c8354ee993015a83430031d686a4c", size = 88259, upload-time = "2025-04-01T22:55:29.03Z" },
    { url = "https://files.pythonhosted.org/packages/07/f0/9efe53b4945441a5d2790d455134843ad86739855b7e6199977bf6dc8898/lz4-4.4.4-cp311-cp311-win_amd64.whl", hash = "sha256:f5024d3ca2383470f7c4ef4d0ed8eabad0b22b23eeefde1c192cf1a38d5e9f78", size = 99916, upload-time = "2025-04-01T22:55:29.933Z" },
    { url = "https://files.pythonhosted.org/packages/87/c8/1675527549ee174b9e1db089f7ddfbb962a97314657269b1e0344a5eaf56/lz4-4.4.4-cp311-cp311-win_arm64.whl", hash = "sha256:6ea715bb3357ea1665f77874cf8f55385ff112553db06f3742d3cdcec08633f7", size = 89741, upload-time = "2025-04-01T22:55:31.184Z" },
    { url = "https://files.pythonhosted.org/packages/f7/2d/5523b4fabe11cd98f040f715728d1932eb7e696bfe94391872a823332b94/lz4-4.4.4-cp312-cp312-macosx_10_13_x86_64.whl", hash = "sha256:23ae267494fdd80f0d2a131beff890cf857f1b812ee72dbb96c3204aab725553", size = 220669, upload-time = "2025-04-01T22:55:32.032Z" },
    { url = "https://files.pythonhosted.org/packages/91/06/1a5bbcacbfb48d8ee5b6eb3fca6aa84143a81d92946bdb5cd6b005f1863e/lz4-4.4.4-cp312-cp312-macosx_11_0_arm64.whl", hash = "sha256:fff9f3a1ed63d45cb6514bfb8293005dc4141341ce3500abdfeb76124c0b9b2e", size = 189661, upload-time = "2025-04-01T22:55:33.413Z" },
    { url = "https://files.pythonhosted.org/packages/fa/08/39eb7ac907f73e11a69a11576a75a9e36406b3241c0ba41453a7eb842abb/lz4-4.4.4-cp312-cp312-manylinux_2_17_aarch64.manylinux2014_aarch64.whl", hash = "sha256:1ea7f07329f85a8eda4d8cf937b87f27f0ac392c6400f18bea2c667c8b7f8ecc", size = 1238775, upload-time = "2025-04-01T22:55:34.835Z" },
    { url = "https://files.pythonhosted.org/packages/e9/26/05840fbd4233e8d23e88411a066ab19f1e9de332edddb8df2b6a95c7fddc/lz4-4.4.4-cp312-cp312-manylinux_2_17_x86_64.manylinux2014_x86_64.whl", hash = "sha256:8ccab8f7f7b82f9fa9fc3b0ba584d353bd5aa818d5821d77d5b9447faad2aaad", size = 1265143, upload-time = "2025-04-01T22:55:35.933Z" },
    { url = "https://files.pythonhosted.org/packages/b7/5d/5f2db18c298a419932f3ab2023deb689863cf8fd7ed875b1c43492479af2/lz4-4.4.4-cp312-cp312-manylinux_2_5_i686.manylinux1_i686.manylinux_2_17_i686.manylinux2014_i686.whl", hash = "sha256:e43e9d48b2daf80e486213128b0763deed35bbb7a59b66d1681e205e1702d735", size = 1185032, upload-time = "2025-04-01T22:55:37.454Z" },
    { url = "https://files.pythonhosted.org/packages/c4/e6/736ab5f128694b0f6aac58343bcf37163437ac95997276cd0be3ea4c3342/lz4-4.4.4-cp312-cp312-win32.whl", hash = "sha256:33e01e18e4561b0381b2c33d58e77ceee850a5067f0ece945064cbaac2176962", size = 88284, upload-time = "2025-04-01T22:55:38.536Z" },
    { url = "https://files.pythonhosted.org/packages/40/b8/243430cb62319175070e06e3a94c4c7bd186a812e474e22148ae1290d47d/lz4-4.4.4-cp312-cp312-win_amd64.whl", hash = "sha256:d21d1a2892a2dcc193163dd13eaadabb2c1b803807a5117d8f8588b22eaf9f12", size = 99918, upload-time = "2025-04-01T22:55:39.628Z" },
    { url = "https://files.pythonhosted.org/packages/6c/e1/0686c91738f3e6c2e1a243e0fdd4371667c4d2e5009b0a3605806c2aa020/lz4-4.4.4-cp312-cp312-win_arm64.whl", hash = "sha256:2f4f2965c98ab254feddf6b5072854a6935adab7bc81412ec4fe238f07b85f62", size = 89736, upload-time = "2025-04-01T22:55:40.5Z" },
    { url = "https://files.pythonhosted.org/packages/3b/3c/d1d1b926d3688263893461e7c47ed7382a969a0976fc121fc678ec325fc6/lz4-4.4.4-cp313-cp313-macosx_10_13_x86_64.whl", hash = "sha256:ed6eb9f8deaf25ee4f6fad9625d0955183fdc90c52b6f79a76b7f209af1b6e54", size = 220678, upload-time = "2025-04-01T22:55:41.78Z" },
    { url = "https://files.pythonhosted.org/packages/26/89/8783d98deb058800dabe07e6cdc90f5a2a8502a9bad8c5343c641120ace2/lz4-4.4.4-cp313-cp313-macosx_11_0_arm64.whl", hash = "sha256:18ae4fe3bafb344dbd09f976d45cbf49c05c34416f2462828f9572c1fa6d5af7", size = 189670, upload-time = "2025-04-01T22:55:42.775Z" },
    { url = "https://files.pythonhosted.org/packages/22/ab/a491ace69a83a8914a49f7391e92ca0698f11b28d5ce7b2ececa2be28e9a/lz4-4.4.4-cp313-cp313-manylinux_2_17_aarch64.manylinux2014_aarch64.whl", hash = "sha256:57fd20c5fc1a49d1bbd170836fccf9a338847e73664f8e313dce6ac91b8c1e02", size = 1238746, upload-time = "2025-04-01T22:55:43.797Z" },
    { url = "https://files.pythonhosted.org/packages/97/12/a1f2f4fdc6b7159c0d12249456f9fe454665b6126e98dbee9f2bd3cf735c/lz4-4.4.4-cp313-cp313-manylinux_2_17_x86_64.manylinux2014_x86_64.whl", hash = "sha256:e9cb387c33f014dae4db8cb4ba789c8d2a0a6d045ddff6be13f6c8d9def1d2a6", size = 1265119, upload-time = "2025-04-01T22:55:44.943Z" },
    { url = "https://files.pythonhosted.org/packages/50/6e/e22e50f5207649db6ea83cd31b79049118305be67e96bec60becf317afc6/lz4-4.4.4-cp313-cp313-manylinux_2_5_i686.manylinux1_i686.manylinux_2_17_i686.manylinux2014_i686.whl", hash = "sha256:d0be9f68240231e1e44118a4ebfecd8a5d4184f0bdf5c591c98dd6ade9720afd", size = 1184954, upload-time = "2025-04-01T22:55:46.161Z" },
    { url = "https://files.pythonhosted.org/packages/4c/c4/2a458039645fcc6324ece731d4d1361c5daf960b553d1fcb4261ba07d51c/lz4-4.4.4-cp313-cp313-win32.whl", hash = "sha256:e9ec5d45ea43684f87c316542af061ef5febc6a6b322928f059ce1fb289c298a", size = 88289, upload-time = "2025-04-01T22:55:47.601Z" },
    { url = "https://files.pythonhosted.org/packages/00/96/b8e24ea7537ab418074c226279acfcaa470e1ea8271003e24909b6db942b/lz4-4.4.4-cp313-cp313-win_amd64.whl", hash = "sha256:a760a175b46325b2bb33b1f2bbfb8aa21b48e1b9653e29c10b6834f9bb44ead4", size = 99925, upload-time = "2025-04-01T22:55:48.463Z" },
    { url = "https://files.pythonhosted.org/packages/a5/a5/f9838fe6aa132cfd22733ed2729d0592259fff074cefb80f19aa0607367b/lz4-4.4.4-cp313-cp313-win_arm64.whl", hash = "sha256:f4c21648d81e0dda38b4720dccc9006ae33b0e9e7ffe88af6bf7d4ec124e2fba", size = 89743, upload-time = "2025-04-01T22:55:49.716Z" },
]

[[package]]
name = "witcher3-save-edit"
version = "0.1.0"
source = { virtual = "." }
dependencies = [
    { name = "chardet" },
    { name = "lz4" },
]

[package.metadata]
requires-dist = [
    { name = "chardet", specifier = ">=5.2.0" },
    { name = "lz4", specifier = ">=4.4.4" },
]
